
Microsoft Visual Studio Solution File, Format Version 12.00
# Visual Studio Version 17
VisualStudioVersion = 17.1.32328.378
MinimumVisualStudioVersion = 10.0.40219.1
Project("{FAE04EC0-301F-11D3-BF4B-00C04F79EFBC}") = "FolderAndFileCreator", "FolderAndFileCreator\FolderAndFileCreator.csproj", "{94DD7436-F8E5-4312-A795-C8EA7E267622}"
EndProject
Global
	GlobalSection(SolutionConfigurationPlatforms) = preSolution
		Debug|Any CPU = Debug|Any CPU
		Release|Any CPU = Release|Any CPU
	EndGlobalSection
	GlobalSection(ProjectConfigurationPlatforms) = postSolution
		{94DD7436-F8E5-4312-A795-C8EA7E267622}.Debug|Any CPU.ActiveCfg = Debug|Any CPU
		{94DD7436-F8E5-4312-A795-C8EA7E267622}.Debug|Any CPU.Build.0 = Debug|Any CPU
		{94DD7436-F8E5-4312-A795-C8EA7E267622}.Release|Any CPU.ActiveCfg = Release|Any CPU
		{94DD7436-F8E5-4312-A795-C8EA7E267622}.Release|Any CPU.Build.0 = Release|Any CPU
	EndGlobalSection
	GlobalSection(SolutionProperties) = preSolution
		HideSolutionNode = FALSE
	EndGlobalSection
	GlobalSection(ExtensibilityGlobals) = postSolution
		SolutionGuid = {25417B5B-095C-4272-BE4F-4305EC1DD6EC}
	EndGlobalSection
EndGlobal
